
Microsoft Visual Studio Solution File, Format Version 12.00
# Visual Studio Version 17
VisualStudioVersion = 17.14.36616.10
MinimumVisualStudioVersion = 10.0.40219.1
Project("{FAE04EC0-301F-11D3-BF4B-00C04F79EFBC}") = "HMS", "HMS\HMS.csproj", "{FB544F55-617E-4C4E-AD73-CE26E4B808C2}"
EndProject
Global
	GlobalSection(SolutionConfigurationPlatforms) = preSolution
		Debug|Any CPU = Debug|Any CPU
		Release|Any CPU = Release|Any CPU
	EndGlobalSection
	GlobalSection(ProjectConfigurationPlatforms) = postSolution
		{FB544F55-617E-4C4E-AD73-CE26E4B808C2}.Debug|Any CPU.ActiveCfg = Debug|Any CPU
		{FB544F55-617E-4C4E-AD73-CE26E4B808C2}.Debug|Any CPU.Build.0 = Debug|Any CPU
		{FB544F55-617E-4C4E-AD73-CE26E4B808C2}.Release|Any CPU.ActiveCfg = Release|Any CPU
		{FB544F55-617E-4C4E-AD73-CE26E4B808C2}.Release|Any CPU.Build.0 = Release|Any CPU
	EndGlobalSection
	GlobalSection(SolutionProperties) = preSolution
		HideSolutionNode = FALSE
	EndGlobalSection
	GlobalSection(ExtensibilityGlobals) = postSolution
		SolutionGuid = {A528FEA7-223B-4682-AB8D-C1C5A02ABAF0}
	EndGlobalSection
EndGlobal
